
Microsoft Visual Studio Solution File, Format Version 12.00
# Visual Studio Version 17
VisualStudioVersion = 17.4.33122.133
MinimumVisualStudioVersion = 10.0.40219.1
Project("{FAE04EC0-301F-11D3-BF4B-00C04F79EFBC}") = "ConsoleTest2", "ConsoleTest2\ConsoleTest2.csproj", "{4C2EB3FC-F894-4256-BE75-F0315C593D46}"
EndProject
Project("{FAE04EC0-301F-11D3-BF4B-00C04F79EFBC}") = "ConsoleTest2ServiceProvider", "ConsoleTest2ServiceProvider\ConsoleTest2ServiceProvider.csproj", "{62E96449-D076-498B-B491-2FE28C0586E1}"
EndProject
Global
	GlobalSection(SolutionConfigurationPlatforms) = preSolution
		Debug|Any CPU = Debug|Any CPU
		Release|Any CPU = Release|Any CPU
	EndGlobalSection
	GlobalSection(ProjectConfigurationPlatforms) = postSolution
		{4C2EB3FC-F894-4256-BE75-F0315C593D46}.Debug|Any CPU.ActiveCfg = Debug|Any CPU
		{4C2EB3FC-F894-4256-BE75-F0315C593D46}.Debug|Any CPU.Build.0 = Debug|Any CPU
		{4C2EB3FC-F894-4256-BE75-F0315C593D46}.Release|Any CPU.ActiveCfg = Release|Any CPU
		{4C2EB3FC-F894-4256-BE75-F0315C593D46}.Release|Any CPU.Build.0 = Release|Any CPU
		{62E96449-D076-498B-B491-2FE28C0586E1}.Debug|Any CPU.ActiveCfg = Debug|Any CPU
		{62E96449-D076-498B-B491-2FE28C0586E1}.Debug|Any CPU.Build.0 = Debug|Any CPU
		{62E96449-D076-498B-B491-2FE28C0586E1}.Release|Any CPU.ActiveCfg = Release|Any CPU
		{62E96449-D076-498B-B491-2FE28C0586E1}.Release|Any CPU.Build.0 = Release|Any CPU
	EndGlobalSection
	GlobalSection(SolutionProperties) = preSolution
		HideSolutionNode = FALSE
	EndGlobalSection
	GlobalSection(ExtensibilityGlobals) = postSolution
		SolutionGuid = {E18FDAE1-6586-4A53-8098-FC67BB5BE695}
	EndGlobalSection
EndGlobal
